
Microsoft Visual Studio Solution File, Format Version 12.00
# Visual Studio 15
VisualStudioVersion = 15.0.28307.168
MinimumVisualStudioVersion = 10.0.40219.1
Project("{FAE04EC0-301F-11D3-BF4B-00C04F79EFBC}") = "Planes", "Planes\Planes.csproj", "{49390447-9C8B-4DBC-AE05-65B6AA59CE53}"
EndProject
Global
	GlobalSection(SolutionConfigurationPlatforms) = preSolution
		Debug|Any CPU = Debug|Any CPU
		Release|Any CPU = Release|Any CPU
	EndGlobalSection
	GlobalSection(ProjectConfigurationPlatforms) = postSolution
		{49390447-9C8B-4DBC-AE05-65B6AA59CE53}.Debug|Any CPU.ActiveCfg = Debug|Any CPU
		{49390447-9C8B-4DBC-AE05-65B6AA59CE53}.Debug|Any CPU.Build.0 = Debug|Any CPU
		{49390447-9C8B-4DBC-AE05-65B6AA59CE53}.Release|Any CPU.ActiveCfg = Release|Any CPU
		{49390447-9C8B-4DBC-AE05-65B6AA59CE53}.Release|Any CPU.Build.0 = Release|Any CPU
	EndGlobalSection
	GlobalSection(SolutionProperties) = preSolution
		HideSolutionNode = FALSE
	EndGlobalSection
	GlobalSection(ExtensibilityGlobals) = postSolution
		SolutionGuid = {5811F29A-3EDA-4D9F-A5C3-BCA4E6FD93C1}
	EndGlobalSection
EndGlobal
